// !$*UTF8*$!
{
	archiveVersion = 1;
	classes = {
	};
	objectVersion = 55;
	objects = {

/* Begin PBXBuildFile section */
		FF1AF39227F4F07A004BDF88 /* NewsApi_SwiftUIApp.swift in Sources */ = {isa = PBXBuildFile; fileRef = FF1AF39127F4F07A004BDF88 /* NewsApi_SwiftUIApp.swift */; };
		FF1AF39427F4F07A004BDF88 /* ContentView.swift in Sources */ = {isa = PBXBuildFile; fileRef = FF1AF39327F4F07A004BDF88 /* ContentView.swift */; };
		FF1AF39627F4F07C004BDF88 /* Assets.xcassets in Resources */ = {isa = PBXBuildFile; fileRef = FF1AF39527F4F07C004BDF88 /* Assets.xcassets */; };
		FF1AF39927F4F07C004BDF88 /* Preview Assets.xcassets in Resources */ = {isa = PBXBuildFile; fileRef = FF1AF39827F4F07C004BDF88 /* Preview Assets.xcassets */; };
		FF1AF3A427F4F0F0004BDF88 /* Network.swift in Sources */ = {isa = PBXBuildFile; fileRef = FF1AF3A327F4F0F0004BDF88 /* Network.swift */; };
		FF1AF3A727F4F109004BDF88 /* NewsModel.swift in Sources */ = {isa = PBXBuildFile; fileRef = FF1AF3A627F4F109004BDF88 /* NewsModel.swift */; };
		FF1AF3AA27F4F20B004BDF88 /* NewsViewModel.swift in Sources */ = {isa = PBXBuildFile; fileRef = FF1AF3A927F4F20B004BDF88 /* NewsViewModel.swift */; };
		FFBB056E27F5090A00B48DF0 /* NewsScreen.swift in Sources */ = {isa = PBXBuildFile; fileRef = FFBB056D27F5090A00B48DF0 /* NewsScreen.swift */; };
		FFBB057127F5092A00B48DF0 /* SDWebImageSwiftUI in Frameworks */ = {isa = PBXBuildFile; productRef = FFBB057027F5092A00B48DF0 /* SDWebImageSwiftUI */; };
/* End PBXBuildFile section */

/* Begin PBXFileReference section */
		FF1AF38E27F4F07A004BDF88 /* NewsApi-SwiftUI.app */ = {isa = PBXFileReference; explicitFileType = wrapper.application; includeInIndex = 0; path = "NewsApi-SwiftUI.app"; sourceTree = BUILT_PRODUCTS_DIR; };
		FF1AF39127F4F07A004BDF88 /* NewsApi_SwiftUIApp.swift */ = {isa = PBXFileReference; lastKnownFileType = sourcecode.swift; path = NewsApi_SwiftUIApp.swift; sourceTree = "<group>"; };
		FF1AF39327F4F07A004BDF88 /* ContentView.swift */ = {isa = PBXFileReference; lastKnownFileType = sourcecode.swift; path = ContentView.swift; sourceTree = "<group>"; };
		FF1AF39527F4F07C004BDF88 /* Assets.xcassets */ = {isa = PBXFileReference; lastKnownFileType = folder.assetcatalog; path = Assets.xcassets; sourceTree = "<group>"; };
		FF1AF39827F4F07C004BDF88 /* Preview Assets.xcassets */ = {isa = PBXFileReference; lastKnownFileType = folder.assetcatalog; path = "Preview Assets.xcassets"; sourceTree = "<group>"; };
		FF1AF3A327F4F0F0004BDF88 /* Network.swift */ = {isa = PBXFileReference; lastKnownFileType = sourcecode.swift; path = Network.swift; sourceTree = "<group>"; };
		FF1AF3A627F4F109004BDF88 /* NewsModel.swift */ = {isa = PBXFileReference; lastKnownFileType = sourcecode.swift; path = NewsModel.swift; sourceTree = "<group>"; };
		FF1AF3A927F4F20B004BDF88 /* NewsViewModel.swift */ = {isa = PBXFileReference; lastKnownFileType = sourcecode.swift; path = NewsViewModel.swift; sourceTree = "<group>"; };
		FFBB056D27F5090A00B48DF0 /* NewsScreen.swift */ = {isa = PBXFileReference; lastKnownFileType = sourcecode.swift; path = NewsScreen.swift; sourceTree = "<group>"; };
/* End PBXFileReference section */

/* Begin PBXFrameworksBuildPhase section */
		FF1AF38B27F4F07A004BDF88 /* Frameworks */ = {
			isa = PBXFrameworksBuildPhase;
			buildActionMask = 2147483647;
			files = (
				FFBB057127F5092A00B48DF0 /* SDWebImageSwiftUI in Frameworks */,
			);
			runOnlyForDeploymentPostprocessing = 0;
		};
/* End PBXFrameworksBuildPhase section */

/* Begin PBXGroup section */
		FF1AF38527F4F07A004BDF88 = {
			isa = PBXGroup;
			children = (
				FF1AF39027F4F07A004BDF88 /* NewsApi-SwiftUI */,
				FF1AF38F27F4F07A004BDF88 /* Products */,
			);
			sourceTree = "<group>";
		};
		FF1AF38F27F4F07A004BDF88 /* Products */ = {
			isa = PBXGroup;
			children = (
				FF1AF38E27F4F07A004BDF88 /* NewsApi-SwiftUI.app */,
			);
			name = Products;
			sourceTree = "<group>";
		};
		FF1AF39027F4F07A004BDF88 /* NewsApi-SwiftUI */ = {
			isa = PBXGroup;
			children = (
				FFBB056C27F508FD00B48DF0 /* Screen */,
				FF1AF3A827F4F11A004BDF88 /* Model */,
				FF1AF3A127F4F0D9004BDF88 /* Service */,
				FF1AF3A027F4F0D5004BDF88 /* View */,
				FF1AF39F27F4F0D0004BDF88 /* ViewModel */,
				FF1AF39127F4F07A004BDF88 /* NewsApi_SwiftUIApp.swift */,
				FF1AF39527F4F07C004BDF88 /* Assets.xcassets */,
				FF1AF39727F4F07C004BDF88 /* Preview Content */,
			);
			path = "NewsApi-SwiftUI";
			sourceTree = "<group>";
		};
		FF1AF39727F4F07C004BDF88 /* Preview Content */ = {
			isa = PBXGroup;
			children = (
				FF1AF39827F4F07C004BDF88 /* Preview Assets.xcassets */,
			);
			path = "Preview Content";
			sourceTree = "<group>";
		};
		FF1AF39F27F4F0D0004BDF88 /* ViewModel */ = {
			isa = PBXGroup;
			children = (
				FF1AF3A927F4F20B004BDF88 /* NewsViewModel.swift */,
			);
			path = ViewModel;
			sourceTree = "<group>";
		};
		FF1AF3A027F4F0D5004BDF88 /* View */ = {
			isa = PBXGroup;
			children = (
				FF1AF39327F4F07A004BDF88 /* ContentView.swift */,
			);
			path = View;
			sourceTree = "<group>";
		};
		FF1AF3A127F4F0D9004BDF88 /* Service */ = {
			isa = PBXGroup;
			children = (
				FF1AF3A327F4F0F0004BDF88 /* Network.swift */,
			);
			path = Service;
			sourceTree = "<group>";
		};
		FF1AF3A827F4F11A004BDF88 /* Model */ = {
			isa = PBXGroup;
			children = (
				FF1AF3A627F4F109004BDF88 /* NewsModel.swift */,
			);
			path = Model;
			sourceTree = "<group>";
		};
		FFBB056C27F508FD00B48DF0 /* Screen */ = {
			isa = PBXGroup;
			children = (
				FFBB056D27F5090A00B48DF0 /* NewsScreen.swift */,
			);
			path = Screen;
			sourceTree = "<group>";
		};
/* End PBXGroup section */

/* Begin PBXNativeTarget section */
		FF1AF38D27F4F07A004BDF88 /* NewsApi-SwiftUI */ = {
			isa = PBXNativeTarget;
			buildConfigurationList = FF1AF39C27F4F07C004BDF88 /* Build configuration list for PBXNativeTarget "NewsApi-SwiftUI" */;
			buildPhases = (
				FF1AF38A27F4F07A004BDF88 /* Sources */,
				FF1AF38B27F4F07A004BDF88 /* Frameworks */,
				FF1AF38C27F4F07A004BDF88 /* Resources */,
			);
			buildRules = (
			);
			dependencies = (
			);
			name = "NewsApi-SwiftUI";
			packageProductDependencies = (
				FFBB057027F5092A00B48DF0 /* SDWebImageSwiftUI */,
			);
			productName = "NewsApi-SwiftUI";
			productReference = FF1AF38E27F4F07A004BDF88 /* NewsApi-SwiftUI.app */;
			productType = "com.apple.product-type.application";
		};
/* End PBXNativeTarget section */

/* Begin PBXProject section */
		FF1AF38627F4F07A004BDF88 /* Project object */ = {
			isa = PBXProject;
			attributes = {
				BuildIndependentTargetsInParallel = 1;
				LastSwiftUpdateCheck = 1330;
				LastUpgradeCheck = 1330;
				TargetAttributes = {
					FF1AF38D27F4F07A004BDF88 = {
						CreatedOnToolsVersion = 13.3;
					};
				};
			};
			buildConfigurationList = FF1AF38927F4F07A004BDF88 /* Build configuration list for PBXProject "NewsApi-SwiftUI" */;
			compatibilityVersion = "Xcode 13.0";
			developmentRegion = en;
			hasScannedForEncodings = 0;
			knownRegions = (
				en,
				Base,
			);
			mainGroup = FF1AF38527F4F07A004BDF88;
			packageReferences = (
				FFBB056F27F5092A00B48DF0 /* XCRemoteSwiftPackageReference "SDWebImageSwiftUI" */,
			);
			productRefGroup = FF1AF38F27F4F07A004BDF88 /* Products */;
			projectDirPath = "";
			projectRoot = "";
			targets = (
				FF1AF38D27F4F07A004BDF88 /* NewsApi-SwiftUI */,
			);
		};
/* End PBXProject section */

/* Begin PBXResourcesBuildPhase section */
		FF1AF38C27F4F07A004BDF88 /* Resources */ = {
			isa = PBXResourcesBuildPhase;
			buildActionMask = 2147483647;
			files = (
				FF1AF39927F4F07C004BDF88 /* Preview Assets.xcassets in Resources */,
				FF1AF39627F4F07C004BDF88 /* Assets.xcassets in Resources */,
			);
			runOnlyForDeploymentPostprocessing = 0;
		};
/* End PBXResourcesBuildPhase section */

/* Begin PBXSourcesBuildPhase section */
		FF1AF38A27F4F07A004BDF88 /* Sources */ = {
			isa = PBXSourcesBuildPhase;
			buildActionMask = 2147483647;
			files = (
				FF1AF39427F4F07A004BDF88 /* ContentView.swift in Sources */,
				FF1AF39227F4F07A004BDF88 /* NewsApi_SwiftUIApp.swift in Sources */,
				FFBB056E27F5090A00B48DF0 /* NewsScreen.swift in Sources */,
				FF1AF3AA27F4F20B004BDF88 /* NewsViewModel.swift in Sources */,
				FF1AF3A427F4F0F0004BDF88 /* Network.swift in Sources */,
				FF1AF3A727F4F109004BDF88 /* NewsModel.swift in Sources */,
			);
			runOnlyForDeploymentPostprocessing = 0;
		};
/* End PBXSourcesBuildPhase section */

/* Begin XCBuildConfiguration section */
		FF1AF39A27F4F07C004BDF88 /* Debug */ = {
			isa = XCBuildConfiguration;
			buildSettings = {
				ALWAYS_SEARCH_USER_PATHS = NO;
				CLANG_ANALYZER_NONNULL = YES;
				CLANG_ANALYZER_NUMBER_OBJECT_CONVERSION = YES_AGGRESSIVE;
				CLANG_CXX_LANGUAGE_STANDARD = "gnu++17";
				CLANG_ENABLE_MODULES = YES;
				CLANG_ENABLE_OBJC_ARC = YES;
				CLANG_ENABLE_OBJC_WEAK = YES;
				CLANG_WARN_BLOCK_CAPTURE_AUTORELEASING = YES;
				CLANG_WARN_BOOL_CONVERSION = YES;
				CLANG_WARN_COMMA = YES;
				CLANG_WARN_CONSTANT_CONVERSION = YES;
				CLANG_WARN_DEPRECATED_OBJC_IMPLEMENTATIONS = YES;
				CLANG_WARN_DIRECT_OBJC_ISA_USAGE = YES_ERROR;
				CLANG_WARN_DOCUMENTATION_COMMENTS = YES;
				CLANG_WARN_EMPTY_BODY = YES;
				CLANG_WARN_ENUM_CONVERSION = YES;
				CLANG_WARN_INFINITE_RECURSION = YES;
				CLANG_WARN_INT_CONVERSION = YES;
				CLANG_WARN_NON_LITERAL_NULL_CONVERSION = YES;
				CLANG_WARN_OBJC_IMPLICIT_RETAIN_SELF = YES;
				CLANG_WARN_OBJC_LITERAL_CONVERSION = YES;
				CLANG_WARN_OBJC_ROOT_CLASS = YES_ERROR;
				CLANG_WARN_QUOTED_INCLUDE_IN_FRAMEWORK_HEADER = YES;
				CLANG_WARN_RANGE_LOOP_ANALYSIS = YES;
				CLANG_WARN_STRICT_PROTOTYPES = YES;
				CLANG_WARN_SUSPICIOUS_MOVE = YES;
				CLANG_WARN_UNGUARDED_AVAILABILITY = YES_AGGRESSIVE;
				CLANG_WARN_UNREACHABLE_CODE = YES;
				CLANG_WARN__DUPLICATE_METHOD_MATCH = YES;
				COPY_PHASE_STRIP = NO;
				DEBUG_INFORMATION_FORMAT = dwarf;
				ENABLE_STRICT_OBJC_MSGSEND = YES;
				ENABLE_TESTABILITY = YES;
				GCC_C_LANGUAGE_STANDARD = gnu11;
				GCC_DYNAMIC_NO_PIC = NO;
				GCC_NO_COMMON_BLOCKS = YES;
				GCC_OPTIMIZATION_LEVEL = 0;
				GCC_PREPROCESSOR_DEFINITIONS = (
					"DEBUG=1",
					"$(inherited)",
				);
				GCC_WARN_64_TO_32_BIT_CONVERSION = YES;
				GCC_WARN_ABOUT_RETURN_TYPE = YES_ERROR;
				GCC_WARN_UNDECLARED_SELECTOR = YES;
				GCC_WARN_UNINITIALIZED_AUTOS = YES_AGGRESSIVE;
				GCC_WARN_UNUSED_FUNCTION = YES;
				GCC_WARN_UNUSED_VARIABLE = YES;
				IPHONEOS_DEPLOYMENT_TARGET = 15.4;
				MTL_ENABLE_DEBUG_INFO = INCLUDE_SOURCE;
				MTL_FAST_MATH = YES;
				ONLY_ACTIVE_ARCH = YES;
				SDKROOT = iphoneos;
				SWIFT_ACTIVE_COMPILATION_CONDITIONS = DEBUG;
				SWIFT_OPTIMIZATION_LEVEL = "-Onone";
			};
			name = Debug;
		};
		FF1AF39B27F4F07C004BDF88 /* Release */ = {
			isa = XCBuildConfiguration;
			buildSettings = {
				ALWAYS_SEARCH_USER_PATHS = NO;
				CLANG_ANALYZER_NONNULL = YES;
				CLANG_ANALYZER_NUMBER_OBJECT_CONVERSION = YES_AGGRESSIVE;
				CLANG_CXX_LANGUAGE_STANDARD = "gnu++17";
				CLANG_ENABLE_MODULES = YES;
				CLANG_ENABLE_OBJC_ARC = YES;
				CLANG_ENABLE_OBJC_WEAK = YES;
				CLANG_WARN_BLOCK_CAPTURE_AUTORELEASING = YES;
				CLANG_WARN_BOOL_CONVERSION = YES;
				CLANG_WARN_COMMA = YES;
				CLANG_WARN_CONSTANT_CONVERSION = YES;
				CLANG_WARN_DEPRECATED_OBJC_IMPLEMENTATIONS = YES;
				CLANG_WARN_DIRECT_OBJC_ISA_USAGE = YES_ERROR;
				CLANG_WARN_DOCUMENTATION_COMMENTS = YES;
				CLANG_WARN_EMPTY_BODY = YES;
				CLANG_WARN_ENUM_CONVERSION = YES;
				CLANG_WARN_INFINITE_RECURSION = YES;
				CLANG_WARN_INT_CONVERSION = YES;
				CLANG_WARN_NON_LITERAL_NULL_CONVERSION = YES;
				CLANG_WARN_OBJC_IMPLICIT_RETAIN_SELF = YES;
				CLANG_WARN_OBJC_LITERAL_CONVERSION = YES;
				CLANG_WARN_OBJC_ROOT_CLASS = YES_ERROR;
				CLANG_WARN_QUOTED_INCLUDE_IN_FRAMEWORK_HEADER = YES;
				CLANG_WARN_RANGE_LOOP_ANALYSIS = YES;
				CLANG_WARN_STRICT_PROTOTYPES = YES;
				CLANG_WARN_SUSPICIOUS_MOVE = YES;
				CLANG_WARN_UNGUARDED_AVAILABILITY = YES_AGGRESSIVE;
				CLANG_WARN_UNREACHABLE_CODE = YES;
				CLANG_WARN__DUPLICATE_METHOD_MATCH = YES;
				COPY_PHASE_STRIP = NO;
				DEBUG_INFORMATION_FORMAT = "dwarf-with-dsym";
				ENABLE_NS_ASSERTIONS = NO;
				ENABLE_STRICT_OBJC_MSGSEND = YES;
				GCC_C_LANGUAGE_STANDARD = gnu11;
				GCC_NO_COMMON_BLOCKS = YES;
				GCC_WARN_64_TO_32_BIT_CONVERSION = YES;
				GCC_WARN_ABOUT_RETURN_TYPE = YES_ERROR;
				GCC_WARN_UNDECLARED_SELECTOR = YES;
				GCC_WARN_UNINITIALIZED_AUTOS = YES_AGGRESSIVE;
				GCC_WARN_UNUSED_FUNCTION = YES;
				GCC_WARN_UNUSED_VARIABLE = YES;
				IPHONEOS_DEPLOYMENT_TARGET = 15.4;
				MTL_ENABLE_DEBUG_INFO = NO;
				MTL_FAST_MATH = YES;
				SDKROOT = iphoneos;
				SWIFT_COMPILATION_MODE = wholemodule;
				SWIFT_OPTIMIZATION_LEVEL = "-O";
				VALIDATE_PRODUCT = YES;
			};
			name = Release;
		};
		FF1AF39D27F4F07C004BDF88 /* Debug */ = {
			isa = XCBuildConfiguration;
			buildSettings = {
				ASSETCATALOG_COMPILER_APPICON_NAME = AppIcon;
				ASSETCATALOG_COMPILER_GLOBAL_ACCENT_COLOR_NAME = AccentColor;
				CODE_SIGN_STYLE = Automatic;
				CURRENT_PROJECT_VERSION = 1;
				DEVELOPMENT_ASSET_PATHS = "\"NewsApi-SwiftUI/Preview Content\"";
				DEVELOPMENT_TEAM = M9MHSW8NNM;
				ENABLE_PREVIEWS = YES;
				GENERATE_INFOPLIST_FILE = YES;
				INFOPLIST_KEY_UIApplicationSceneManifest_Generation = YES;
				INFOPLIST_KEY_UIApplicationSupportsIndirectInputEvents = YES;
				INFOPLIST_KEY_UILaunchScreen_Generation = YES;
				INFOPLIST_KEY_UISupportedInterfaceOrientations_iPad = "UIInterfaceOrientationPortrait UIInterfaceOrientationPortraitUpsideDown UIInterfaceOrientationLandscapeLeft UIInterfaceOrientationLandscapeRight";
				INFOPLIST_KEY_UISupportedInterfaceOrientations_iPhone = "UIInterfaceOrientationPortrait UIInterfaceOrientationLandscapeLeft UIInterfaceOrientationLandscapeRight";
				LD_RUNPATH_SEARCH_PATHS = (
					"$(inherited)",
					"@executable_path/Frameworks",
				);
				MARKETING_VERSION = 1.0;
				PRODUCT_BUNDLE_IDENTIFIER = "kaan.NewsApi-SwiftUI";
				PRODUCT_NAME = "$(TARGET_NAME)";
				SWIFT_EMIT_LOC_STRINGS = YES;
				SWIFT_VERSION = 5.0;
				TARGETED_DEVICE_FAMILY = "1,2";
			};
			name = Debug;
		};
		FF1AF39E27F4F07C004BDF88 /* Release */ = {
			isa = XCBuildConfiguration;
			buildSettings = {
				ASSETCATALOG_COMPILER_APPICON_NAME = AppIcon;
				ASSETCATALOG_COMPILER_GLOBAL_ACCENT_COLOR_NAME = AccentColor;
				CODE_SIGN_STYLE = Automatic;
				CURRENT_PROJECT_VERSION = 1;
				DEVELOPMENT_ASSET_PATHS = "\"NewsApi-SwiftUI/Preview Content\"";
				DEVELOPMENT_TEAM = M9MHSW8NNM;
				ENABLE_PREVIEWS = YES;
				GENERATE_INFOPLIST_FILE = YES;
				INFOPLIST_KEY_UIApplicationSceneManifest_Generation = YES;
				INFOPLIST_KEY_UIApplicationSupportsIndirectInputEvents = YES;
				INFOPLIST_KEY_UILaunchScreen_Generation = YES;
				INFOPLIST_KEY_UISupportedInterfaceOrientations_iPad = "UIInterfaceOrientationPortrait UIInterfaceOrientationPortraitUpsideDown UIInterfaceOrientationLandscapeLeft UIInterfaceOrientationLandscapeRight";
				INFOPLIST_KEY_UISupportedInterfaceOrientations_iPhone = "UIInterfaceOrientationPortrait UIInterfaceOrientationLandscapeLeft UIInterfaceOrientationLandscapeRight";
				LD_RUNPATH_SEARCH_PATHS = (
					"$(inherited)",
					"@executable_path/Frameworks",
				);
				MARKETING_VERSION = 1.0;
				PRODUCT_BUNDLE_IDENTIFIER = "kaan.NewsApi-SwiftUI";
				PRODUCT_NAME = "$(TARGET_NAME)";
				SWIFT_EMIT_LOC_STRINGS = YES;
				SWIFT_VERSION = 5.0;
				TARGETED_DEVICE_FAMILY = "1,2";
			};
			name = Release;
		};
/* End XCBuildConfiguration section */

/* Begin XCConfigurationList section */
		FF1AF38927F4F07A004BDF88 /* Build configuration list for PBXProject "NewsApi-SwiftUI" */ = {
			isa = XCConfigurationList;
			buildConfigurations = (
				FF1AF39A27F4F07C004BDF88 /* Debug */,
				FF1AF39B27F4F07C004BDF88 /* Release */,
			);
			defaultConfigurationIsVisible = 0;
			defaultConfigurationName = Release;
		};
		FF1AF39C27F4F07C004BDF88 /* Build configuration list for PBXNativeTarget "NewsApi-SwiftUI" */ = {
			isa = XCConfigurationList;
			buildConfigurations = (
				FF1AF39D27F4F07C004BDF88 /* Debug */,
				FF1AF39E27F4F07C004BDF88 /* Release */,
			);
			defaultConfigurationIsVisible = 0;
			defaultConfigurationName = Release;
		};
/* End XCConfigurationList section */

/* Begin XCRemoteSwiftPackageReference section */
		FFBB056F27F5092A00B48DF0 /* XCRemoteSwiftPackageReference "SDWebImageSwiftUI" */ = {
			isa = XCRemoteSwiftPackageReference;
			repositoryURL = "https://github.com/SDWebImage/SDWebImageSwiftUI";
			requirement = {
				branch = master;
				kind = branch;
			};
		};
/* End XCRemoteSwiftPackageReference section */

/* Begin XCSwiftPackageProductDependency section */
		FFBB057027F5092A00B48DF0 /* SDWebImageSwiftUI */ = {
			isa = XCSwiftPackageProductDependency;
			package = FFBB056F27F5092A00B48DF0 /* XCRemoteSwiftPackageReference "SDWebImageSwiftUI" */;
			productName = SDWebImageSwiftUI;
		};
/* End XCSwiftPackageProductDependency section */
	};
	rootObject = FF1AF38627F4F07A004BDF88 /* Project object */;
}
